
Microsoft Visual Studio Solution File, Format Version 12.00
# Visual Studio 15
VisualStudioVersion = 15.0.26730.16
MinimumVisualStudioVersion = 10.0.40219.1
Project("{8BC9CEB8-8B4A-11D0-8D11-00A0C91BC942}") = "Project59两位数的乘积大于两位数 的和的数", "Project59两位数的乘积大于两位数 的和的数\Project59两位数的乘积大于两位数 的和的数.vcxproj", "{040A36A5-98F2-4A9A-82CD-F891B45F5162}"
EndProject
Global
	GlobalSection(SolutionConfigurationPlatforms) = preSolution
		Debug|x64 = Debug|x64
		Debug|x86 = Debug|x86
		Release|x64 = Release|x64
		Release|x86 = Release|x86
	EndGlobalSection
	GlobalSection(ProjectConfigurationPlatforms) = postSolution
		{040A36A5-98F2-4A9A-82CD-F891B45F5162}.Debug|x64.ActiveCfg = Debug|x64
		{040A36A5-98F2-4A9A-82CD-F891B45F5162}.Debug|x64.Build.0 = Debug|x64
		{040A36A5-98F2-4A9A-82CD-F891B45F5162}.Debug|x86.ActiveCfg = Debug|Win32
		{040A36A5-98F2-4A9A-82CD-F891B45F5162}.Debug|x86.Build.0 = Debug|Win32
		{040A36A5-98F2-4A9A-82CD-F891B45F5162}.Release|x64.ActiveCfg = Release|x64
		{040A36A5-98F2-4A9A-82CD-F891B45F5162}.Release|x64.Build.0 = Release|x64
		{040A36A5-98F2-4A9A-82CD-F891B45F5162}.Release|x86.ActiveCfg = Release|Win32
		{040A36A5-98F2-4A9A-82CD-F891B45F5162}.Release|x86.Build.0 = Release|Win32
	EndGlobalSection
	GlobalSection(SolutionProperties) = preSolution
		HideSolutionNode = FALSE
	EndGlobalSection
	GlobalSection(ExtensibilityGlobals) = postSolution
		SolutionGuid = {4A915A08-D2B6-4C84-8859-2CBEE9CD9BC1}
	EndGlobalSection
EndGlobal
