
Microsoft Visual Studio Solution File, Format Version 12.00
# Visual Studio 15
VisualStudioVersion = 15.0.26730.16
MinimumVisualStudioVersion = 10.0.40219.1
Project("{8BC9CEB8-8B4A-11D0-8D11-00A0C91BC942}") = "C++大作业计算器", "C++大作业计算器\C++大作业计算器.vcxproj", "{29DB98CE-C1C4-48CC-8CC8-B4D814AD3D8A}"
EndProject
Global
	GlobalSection(SolutionConfigurationPlatforms) = preSolution
		Debug|x64 = Debug|x64
		Debug|x86 = Debug|x86
		Release|x64 = Release|x64
		Release|x86 = Release|x86
	EndGlobalSection
	GlobalSection(ProjectConfigurationPlatforms) = postSolution
		{29DB98CE-C1C4-48CC-8CC8-B4D814AD3D8A}.Debug|x64.ActiveCfg = Debug|x64
		{29DB98CE-C1C4-48CC-8CC8-B4D814AD3D8A}.Debug|x64.Build.0 = Debug|x64
		{29DB98CE-C1C4-48CC-8CC8-B4D814AD3D8A}.Debug|x86.ActiveCfg = Debug|Win32
		{29DB98CE-C1C4-48CC-8CC8-B4D814AD3D8A}.Debug|x86.Build.0 = Debug|Win32
		{29DB98CE-C1C4-48CC-8CC8-B4D814AD3D8A}.Release|x64.ActiveCfg = Release|x64
		{29DB98CE-C1C4-48CC-8CC8-B4D814AD3D8A}.Release|x64.Build.0 = Release|x64
		{29DB98CE-C1C4-48CC-8CC8-B4D814AD3D8A}.Release|x86.ActiveCfg = Release|Win32
		{29DB98CE-C1C4-48CC-8CC8-B4D814AD3D8A}.Release|x86.Build.0 = Release|Win32
	EndGlobalSection
	GlobalSection(SolutionProperties) = preSolution
		HideSolutionNode = FALSE
	EndGlobalSection
	GlobalSection(ExtensibilityGlobals) = postSolution
		SolutionGuid = {4DE337D5-F880-48E4-BF86-0912A629645D}
	EndGlobalSection
EndGlobal
